" Generated by vim-plug
" Sun Feb  7 14:52:57 2021
" :source this file in vim to restore the snapshot
" or execute: vim -S snapshot.vim

silent! let g:plugs['ZoomWin'].commit = 'da618cba6cee26ab237a048786ffb5c35937da91'
silent! let g:plugs['ale'].commit = 'ef74794a6021771502b7ad676f5b3f99ca713eea'
silent! let g:plugs['ansible-vim'].commit = '7abb04c115742ec9a5f90b86170f0118680cf8ec'
silent! let g:plugs['bclose.vim'].commit = '83619a037bc58a1bcb3094945a6223865a9f84d3'
silent! let g:plugs['delimitMate'].commit = '537a1da0fa5eeb88640425c37e545af933c56e1b'
silent! let g:plugs['fzf'].commit = '6654239c94667fefb38d76cfc47b6abf5ced8149'
silent! let g:plugs['fzf.vim'].commit = '02a192ea0bed22a015e005b281e55e0da2a8e496'
silent! let g:plugs['hlsl.vim'].commit = '0b4c07454afabee0b9ab63ba4c53e43a47e25724'
silent! let g:plugs['indentLine'].commit = '5617a1cf7d315e6e6f84d825c85e3b669d220bfa'
silent! let g:plugs['jinja.vim'].commit = '51b8a2a504416c4959127c82eac26f14f3508975'
silent! let g:plugs['lightline.vim'].commit = '8e013f32f524157bf14ccaa87d97be3d3a7201e2'
silent! let g:plugs['nginx.vim'].commit = 'f21506f8cd9ae8a21bb82fcb67830e5e29d186c5'
silent! let g:plugs['python-syntax'].commit = '69760cb3accce488cc072772ca918ac2cbf384ba'
silent! let g:plugs['requirements.txt.vim'].commit = 'a86fea904d8d54413e590a05bb2174fda0cee98d'
silent! let g:plugs['suda.vim'].commit = '45f88d4f0699c054af775b82c87b93b439da0a22'
silent! let g:plugs['thrift.vim'].commit = 'f627aace1e583aed42f12d2a48b40fc18449a145'
silent! let g:plugs['typescript-vim'].commit = '67e81e4292186889a1a519e1bf3a600d671237eb'
silent! let g:plugs['vader.vim'].commit = '6fff477431ac3191c69a3a5e5f187925466e275a'
silent! let g:plugs['vim-arcanist'].commit = 'dadcad79121d5fb7d59c94bf9f1898016c6bed93'
silent! let g:plugs['vim-easymotion'].commit = 'd75d9591e415652b25d9e0a3669355550325263d'
silent! let g:plugs['vim-eunuch'].commit = '4a4bf16b499dcde371c05c77ed4083c4b5228278'
silent! let g:plugs['vim-fugitive'].commit = '8cf0cf5bfb2b858faecf4e0f6c1b8d0948805e5e'
silent! let g:plugs['vim-gnupg'].commit = '90b86c542c40fa8bcee1fbc6ae69650f0280c695'
silent! let g:plugs['vim-graphql'].commit = '553d125f7b0e56743e80e2439f5cd7f27771a8e3'
silent! let g:plugs['vim-hack'].commit = 'e3a05fef9726d9f73db17c5837ba258ac144d9bb'
silent! let g:plugs['vim-javascript'].commit = '35e6849763d36644b631b378cd6b7bd9833d295e'
silent! let g:plugs['vim-jsx'].commit = '8879e0d9c5ba0e04ecbede1c89f63b7a0efa24af'
silent! let g:plugs['vim-jsx-typescript'].commit = '22df470d92651426f2377e3166488672f7b4b4ef'
silent! let g:plugs['vim-lastplace'].commit = '48ba343c8c1ca3039224727096aae214f51327d1'
silent! let g:plugs['vim-lawrencium'].commit = '4592f24a50386e02870fa8d508cc7ba8454dc102'
silent! let g:plugs['vim-lengthmatters'].commit = 'a86480f861c6cdcaa299704473a3b7fd5b47c70a'
silent! let g:plugs['vim-monit'].commit = 'e7482334cc7771e814ba1cdf854985b7dfd5abb6'
silent! let g:plugs['vim-openscad'].commit = '81db508b1888fdbea994d43ccef1acd86c8af3f7'
silent! let g:plugs['vim-pencil'].commit = '2135374d48a7cb89efd5e818c12bb0ff450dfbb4'
silent! let g:plugs['vim-python-pep8-indent'].commit = '60ba5e11a61618c0344e2db190210145083c91f8'
silent! let g:plugs['vim-startify'].commit = 'f2fc11844b234479d37bef37faa7ceb2aade788b'
silent! let g:plugs['vim-tmux'].commit = '7e7680fb1bb05bca1c800213b265f45433ed1e33'
silent! let g:plugs['vim-tmux-focus-events'].commit = 'a568192ca0de4ca0bd7b3cd0249aad491625c941'
silent! let g:plugs['vim-tmux-navigator'].commit = '6a1e58c3ca3bc7acca36c90521b3dfae83b2a602'
silent! let g:plugs['vim-toml'].commit = '3c5face8e8944a217af45bc5bb708ff7dfcf1a54'
silent! let g:plugs['vim-uci'].commit = '6f019ccd009e70fa228d351a17f5b77337872204'
silent! let g:plugs['vim-vinegar'].commit = '5f48edf4dcc130ae4a658541c0d6f72a558bc70d'
silent! let g:plugs['vimux'].commit = '37f41195e6369ac602a08ec61364906600b771f1'
silent! let g:plugs['vista.vim'].commit = 'd5b19ed3db6fd3e9598b399d8a9977ff926ad24e'

PlugUpdate!

